
Microsoft Visual Studio Solution File, Format Version 12.00
# Visual Studio Version 17
VisualStudioVersion = 17.11.35327.3
MinimumVisualStudioVersion = 10.0.40219.1
Project("{FAE04EC0-301F-11D3-BF4B-00C04F79EFBC}") = "MVC", "MVC\MVC.csproj", "{41A90631-DD07-4F06-ABDB-96FBC3602DC4}"
EndProject
Project("{FAE04EC0-301F-11D3-BF4B-00C04F79EFBC}") = "BLL", "BLL\BLL.csproj", "{B9610FF6-5803-499C-9725-DB73D3AD0931}"
EndProject
Global
	GlobalSection(SolutionConfigurationPlatforms) = preSolution
		Debug|Any CPU = Debug|Any CPU
		Release|Any CPU = Release|Any CPU
	EndGlobalSection
	GlobalSection(ProjectConfigurationPlatforms) = postSolution
		{41A90631-DD07-4F06-ABDB-96FBC3602DC4}.Debug|Any CPU.ActiveCfg = Debug|Any CPU
		{41A90631-DD07-4F06-ABDB-96FBC3602DC4}.Debug|Any CPU.Build.0 = Debug|Any CPU
		{41A90631-DD07-4F06-ABDB-96FBC3602DC4}.Release|Any CPU.ActiveCfg = Release|Any CPU
		{41A90631-DD07-4F06-ABDB-96FBC3602DC4}.Release|Any CPU.Build.0 = Release|Any CPU
		{B9610FF6-5803-499C-9725-DB73D3AD0931}.Debug|Any CPU.ActiveCfg = Debug|Any CPU
		{B9610FF6-5803-499C-9725-DB73D3AD0931}.Debug|Any CPU.Build.0 = Debug|Any CPU
		{B9610FF6-5803-499C-9725-DB73D3AD0931}.Release|Any CPU.ActiveCfg = Release|Any CPU
		{B9610FF6-5803-499C-9725-DB73D3AD0931}.Release|Any CPU.Build.0 = Release|Any CPU
	EndGlobalSection
	GlobalSection(SolutionProperties) = preSolution
		HideSolutionNode = FALSE
	EndGlobalSection
	GlobalSection(ExtensibilityGlobals) = postSolution
		SolutionGuid = {504BCF2F-698F-4437-B385-457CE6C6ADED}
	EndGlobalSection
EndGlobal
